// !$*UTF8*$!
{
	archiveVersion = 1;
	classes = {
	};
	objectVersion = 46;
	objects = {

/* Begin PBXBuildFile section */
		E8DF42331DF42E6C00CE7C38 /* AppDelegate.swift in Sources */ = {isa = PBXBuildFile; fileRef = E8DF42321DF42E6C00CE7C38 /* AppDelegate.swift */; };
		E8DF423A1DF42E6C00CE7C38 /* Assets.xcassets in Resources */ = {isa = PBXBuildFile; fileRef = E8DF42391DF42E6C00CE7C38 /* Assets.xcassets */; };
		E8DF423D1DF42E6C00CE7C38 /* LaunchScreen.storyboard in Resources */ = {isa = PBXBuildFile; fileRef = E8DF423B1DF42E6C00CE7C38 /* LaunchScreen.storyboard */; };
		E8DF42451DF4300000CE7C38 /* Hildago.storyboard in Resources */ = {isa = PBXBuildFile; fileRef = E8DF42441DF4300000CE7C38 /* Hildago.storyboard */; };
		E8DF42471DF4363300CE7C38 /* HildagoController.swift in Sources */ = {isa = PBXBuildFile; fileRef = E8DF42461DF4363300CE7C38 /* HildagoController.swift */; };
		E8DF42491DF4405000CE7C38 /* HildagoBox.swift in Sources */ = {isa = PBXBuildFile; fileRef = E8DF42481DF4405000CE7C38 /* HildagoBox.swift */; };
		E8DF424B1DF4436C00CE7C38 /* ContactsController.swift in Sources */ = {isa = PBXBuildFile; fileRef = E8DF424A1DF4436C00CE7C38 /* ContactsController.swift */; };
		E8DF424D1DF443B800CE7C38 /* ContactsCell.swift in Sources */ = {isa = PBXBuildFile; fileRef = E8DF424C1DF443B800CE7C38 /* ContactsCell.swift */; };
/* End PBXBuildFile section */

/* Begin PBXFileReference section */
		E8DF422F1DF42E6C00CE7C38 /* Hildago.app */ = {isa = PBXFileReference; explicitFileType = wrapper.application; includeInIndex = 0; path = Hildago.app; sourceTree = BUILT_PRODUCTS_DIR; };
		E8DF42321DF42E6C00CE7C38 /* AppDelegate.swift */ = {isa = PBXFileReference; lastKnownFileType = sourcecode.swift; path = AppDelegate.swift; sourceTree = "<group>"; };
		E8DF42391DF42E6C00CE7C38 /* Assets.xcassets */ = {isa = PBXFileReference; lastKnownFileType = folder.assetcatalog; path = Assets.xcassets; sourceTree = "<group>"; };
		E8DF423C1DF42E6C00CE7C38 /* Base */ = {isa = PBXFileReference; lastKnownFileType = file.storyboard; name = Base; path = Base.lproj/LaunchScreen.storyboard; sourceTree = "<group>"; };
		E8DF423E1DF42E6C00CE7C38 /* Info.plist */ = {isa = PBXFileReference; lastKnownFileType = text.plist.xml; path = Info.plist; sourceTree = "<group>"; };
		E8DF42441DF4300000CE7C38 /* Hildago.storyboard */ = {isa = PBXFileReference; fileEncoding = 4; lastKnownFileType = file.storyboard; path = Hildago.storyboard; sourceTree = "<group>"; };
		E8DF42461DF4363300CE7C38 /* HildagoController.swift */ = {isa = PBXFileReference; fileEncoding = 4; lastKnownFileType = sourcecode.swift; path = HildagoController.swift; sourceTree = "<group>"; };
		E8DF42481DF4405000CE7C38 /* HildagoBox.swift */ = {isa = PBXFileReference; fileEncoding = 4; lastKnownFileType = sourcecode.swift; path = HildagoBox.swift; sourceTree = "<group>"; };
		E8DF424A1DF4436C00CE7C38 /* ContactsController.swift */ = {isa = PBXFileReference; fileEncoding = 4; lastKnownFileType = sourcecode.swift; path = ContactsController.swift; sourceTree = "<group>"; };
		E8DF424C1DF443B800CE7C38 /* ContactsCell.swift */ = {isa = PBXFileReference; fileEncoding = 4; lastKnownFileType = sourcecode.swift; path = ContactsCell.swift; sourceTree = "<group>"; };
/* End PBXFileReference section */

/* Begin PBXFrameworksBuildPhase section */
		E8DF422C1DF42E6C00CE7C38 /* Frameworks */ = {
			isa = PBXFrameworksBuildPhase;
			buildActionMask = 2147483647;
			files = (
			);
			runOnlyForDeploymentPostprocessing = 0;
		};
/* End PBXFrameworksBuildPhase section */

/* Begin PBXGroup section */
		E8DF42261DF42E6C00CE7C38 = {
			isa = PBXGroup;
			children = (
				E8DF42311DF42E6C00CE7C38 /* Hildago */,
				E8DF42301DF42E6C00CE7C38 /* Products */,
			);
			sourceTree = "<group>";
		};
		E8DF42301DF42E6C00CE7C38 /* Products */ = {
			isa = PBXGroup;
			children = (
				E8DF422F1DF42E6C00CE7C38 /* Hildago.app */,
			);
			name = Products;
			sourceTree = "<group>";
		};
		E8DF42311DF42E6C00CE7C38 /* Hildago */ = {
			isa = PBXGroup;
			children = (
				E8DF42321DF42E6C00CE7C38 /* AppDelegate.swift */,
				E8DF42391DF42E6C00CE7C38 /* Assets.xcassets */,
				E8DF423B1DF42E6C00CE7C38 /* LaunchScreen.storyboard */,
				E8DF42441DF4300000CE7C38 /* Hildago.storyboard */,
				E8DF42461DF4363300CE7C38 /* HildagoController.swift */,
				E8DF42481DF4405000CE7C38 /* HildagoBox.swift */,
				E8DF424A1DF4436C00CE7C38 /* ContactsController.swift */,
				E8DF424C1DF443B800CE7C38 /* ContactsCell.swift */,
				E8DF423E1DF42E6C00CE7C38 /* Info.plist */,
			);
			path = Hildago;
			sourceTree = "<group>";
		};
/* End PBXGroup section */

/* Begin PBXNativeTarget section */
		E8DF422E1DF42E6C00CE7C38 /* Hildago */ = {
			isa = PBXNativeTarget;
			buildConfigurationList = E8DF42411DF42E6C00CE7C38 /* Build configuration list for PBXNativeTarget "Hildago" */;
			buildPhases = (
				E8DF422B1DF42E6C00CE7C38 /* Sources */,
				E8DF422C1DF42E6C00CE7C38 /* Frameworks */,
				E8DF422D1DF42E6C00CE7C38 /* Resources */,
			);
			buildRules = (
			);
			dependencies = (
			);
			name = Hildago;
			productName = Hildago;
			productReference = E8DF422F1DF42E6C00CE7C38 /* Hildago.app */;
			productType = "com.apple.product-type.application";
		};
/* End PBXNativeTarget section */

/* Begin PBXProject section */
		E8DF42271DF42E6C00CE7C38 /* Project object */ = {
			isa = PBXProject;
			attributes = {
				LastSwiftUpdateCheck = 0810;
				LastUpgradeCheck = 0810;
				ORGANIZATIONNAME = iosakademija;
				TargetAttributes = {
					E8DF422E1DF42E6C00CE7C38 = {
						CreatedOnToolsVersion = 8.1;
						ProvisioningStyle = Automatic;
					};
				};
			};
			buildConfigurationList = E8DF422A1DF42E6C00CE7C38 /* Build configuration list for PBXProject "Hildago" */;
			compatibilityVersion = "Xcode 3.2";
			developmentRegion = English;
			hasScannedForEncodings = 0;
			knownRegions = (
				en,
				Base,
			);
			mainGroup = E8DF42261DF42E6C00CE7C38;
			productRefGroup = E8DF42301DF42E6C00CE7C38 /* Products */;
			projectDirPath = "";
			projectRoot = "";
			targets = (
				E8DF422E1DF42E6C00CE7C38 /* Hildago */,
			);
		};
/* End PBXProject section */

/* Begin PBXResourcesBuildPhase section */
		E8DF422D1DF42E6C00CE7C38 /* Resources */ = {
			isa = PBXResourcesBuildPhase;
			buildActionMask = 2147483647;
			files = (
				E8DF42451DF4300000CE7C38 /* Hildago.storyboard in Resources */,
				E8DF423D1DF42E6C00CE7C38 /* LaunchScreen.storyboard in Resources */,
				E8DF423A1DF42E6C00CE7C38 /* Assets.xcassets in Resources */,
			);
			runOnlyForDeploymentPostprocessing = 0;
		};
/* End PBXResourcesBuildPhase section */

/* Begin PBXSourcesBuildPhase section */
		E8DF422B1DF42E6C00CE7C38 /* Sources */ = {
			isa = PBXSourcesBuildPhase;
			buildActionMask = 2147483647;
			files = (
				E8DF42471DF4363300CE7C38 /* HildagoController.swift in Sources */,
				E8DF42331DF42E6C00CE7C38 /* AppDelegate.swift in Sources */,
				E8DF424D1DF443B800CE7C38 /* ContactsCell.swift in Sources */,
				E8DF424B1DF4436C00CE7C38 /* ContactsController.swift in Sources */,
				E8DF42491DF4405000CE7C38 /* HildagoBox.swift in Sources */,
			);
			runOnlyForDeploymentPostprocessing = 0;
		};
/* End PBXSourcesBuildPhase section */

/* Begin PBXVariantGroup section */
		E8DF423B1DF42E6C00CE7C38 /* LaunchScreen.storyboard */ = {
			isa = PBXVariantGroup;
			children = (
				E8DF423C1DF42E6C00CE7C38 /* Base */,
			);
			name = LaunchScreen.storyboard;
			sourceTree = "<group>";
		};
/* End PBXVariantGroup section */

/* Begin XCBuildConfiguration section */
		E8DF423F1DF42E6C00CE7C38 /* Debug */ = {
			isa = XCBuildConfiguration;
			buildSettings = {
				ALWAYS_SEARCH_USER_PATHS = NO;
				CLANG_ANALYZER_NONNULL = YES;
				CLANG_CXX_LANGUAGE_STANDARD = "gnu++0x";
				CLANG_CXX_LIBRARY = "libc++";
				CLANG_ENABLE_MODULES = YES;
				CLANG_ENABLE_OBJC_ARC = YES;
				CLANG_WARN_BOOL_CONVERSION = YES;
				CLANG_WARN_CONSTANT_CONVERSION = YES;
				CLANG_WARN_DIRECT_OBJC_ISA_USAGE = YES_ERROR;
				CLANG_WARN_DOCUMENTATION_COMMENTS = YES;
				CLANG_WARN_EMPTY_BODY = YES;
				CLANG_WARN_ENUM_CONVERSION = YES;
				CLANG_WARN_INFINITE_RECURSION = YES;
				CLANG_WARN_INT_CONVERSION = YES;
				CLANG_WARN_OBJC_ROOT_CLASS = YES_ERROR;
				CLANG_WARN_SUSPICIOUS_MOVES = YES;
				CLANG_WARN_UNREACHABLE_CODE = YES;
				CLANG_WARN__DUPLICATE_METHOD_MATCH = YES;
				"CODE_SIGN_IDENTITY[sdk=iphoneos*]" = "iPhone Developer";
				COPY_PHASE_STRIP = NO;
				DEBUG_INFORMATION_FORMAT = dwarf;
				ENABLE_STRICT_OBJC_MSGSEND = YES;
				ENABLE_TESTABILITY = YES;
				GCC_C_LANGUAGE_STANDARD = gnu99;
				GCC_DYNAMIC_NO_PIC = NO;
				GCC_NO_COMMON_BLOCKS = YES;
				GCC_OPTIMIZATION_LEVEL = 0;
				GCC_PREPROCESSOR_DEFINITIONS = (
					"DEBUG=1",
					"$(inherited)",
				);
				GCC_WARN_64_TO_32_BIT_CONVERSION = YES;
				GCC_WARN_ABOUT_RETURN_TYPE = YES_ERROR;
				GCC_WARN_UNDECLARED_SELECTOR = YES;
				GCC_WARN_UNINITIALIZED_AUTOS = YES_AGGRESSIVE;
				GCC_WARN_UNUSED_FUNCTION = YES;
				GCC_WARN_UNUSED_VARIABLE = YES;
				IPHONEOS_DEPLOYMENT_TARGET = 10.1;
				MTL_ENABLE_DEBUG_INFO = YES;
				ONLY_ACTIVE_ARCH = YES;
				SDKROOT = iphoneos;
				SWIFT_ACTIVE_COMPILATION_CONDITIONS = DEBUG;
				SWIFT_OPTIMIZATION_LEVEL = "-Onone";
				TARGETED_DEVICE_FAMILY = "1,2";
			};
			name = Debug;
		};
		E8DF42401DF42E6C00CE7C38 /* Release */ = {
			isa = XCBuildConfiguration;
			buildSettings = {
				ALWAYS_SEARCH_USER_PATHS = NO;
				CLANG_ANALYZER_NONNULL = YES;
				CLANG_CXX_LANGUAGE_STANDARD = "gnu++0x";
				CLANG_CXX_LIBRARY = "libc++";
				CLANG_ENABLE_MODULES = YES;
				CLANG_ENABLE_OBJC_ARC = YES;
				CLANG_WARN_BOOL_CONVERSION = YES;
				CLANG_WARN_CONSTANT_CONVERSION = YES;
				CLANG_WARN_DIRECT_OBJC_ISA_USAGE = YES_ERROR;
				CLANG_WARN_DOCUMENTATION_COMMENTS = YES;
				CLANG_WARN_EMPTY_BODY = YES;
				CLANG_WARN_ENUM_CONVERSION = YES;
				CLANG_WARN_INFINITE_RECURSION = YES;
				CLANG_WARN_INT_CONVERSION = YES;
				CLANG_WARN_OBJC_ROOT_CLASS = YES_ERROR;
				CLANG_WARN_SUSPICIOUS_MOVES = YES;
				CLANG_WARN_UNREACHABLE_CODE = YES;
				CLANG_WARN__DUPLICATE_METHOD_MATCH = YES;
				"CODE_SIGN_IDENTITY[sdk=iphoneos*]" = "iPhone Developer";
				COPY_PHASE_STRIP = NO;
				DEBUG_INFORMATION_FORMAT = "dwarf-with-dsym";
				ENABLE_NS_ASSERTIONS = NO;
				ENABLE_STRICT_OBJC_MSGSEND = YES;
				GCC_C_LANGUAGE_STANDARD = gnu99;
				GCC_NO_COMMON_BLOCKS = YES;
				GCC_WARN_64_TO_32_BIT_CONVERSION = YES;
				GCC_WARN_ABOUT_RETURN_TYPE = YES_ERROR;
				GCC_WARN_UNDECLARED_SELECTOR = YES;
				GCC_WARN_UNINITIALIZED_AUTOS = YES_AGGRESSIVE;
				GCC_WARN_UNUSED_FUNCTION = YES;
				GCC_WARN_UNUSED_VARIABLE = YES;
				IPHONEOS_DEPLOYMENT_TARGET = 10.1;
				MTL_ENABLE_DEBUG_INFO = NO;
				SDKROOT = iphoneos;
				SWIFT_OPTIMIZATION_LEVEL = "-Owholemodule";
				TARGETED_DEVICE_FAMILY = "1,2";
				VALIDATE_PRODUCT = YES;
			};
			name = Release;
		};
		E8DF42421DF42E6C00CE7C38 /* Debug */ = {
			isa = XCBuildConfiguration;
			buildSettings = {
				ASSETCATALOG_COMPILER_APPICON_NAME = AppIcon;
				INFOPLIST_FILE = Hildago/Info.plist;
				LD_RUNPATH_SEARCH_PATHS = "$(inherited) @executable_path/Frameworks";
				PRODUCT_BUNDLE_IDENTIFIER = rs.iosakademija.Hildago;
				PRODUCT_NAME = "$(TARGET_NAME)";
				SWIFT_VERSION = 3.0;
			};
			name = Debug;
		};
		E8DF42431DF42E6C00CE7C38 /* Release */ = {
			isa = XCBuildConfiguration;
			buildSettings = {
				ASSETCATALOG_COMPILER_APPICON_NAME = AppIcon;
				INFOPLIST_FILE = Hildago/Info.plist;
				LD_RUNPATH_SEARCH_PATHS = "$(inherited) @executable_path/Frameworks";
				PRODUCT_BUNDLE_IDENTIFIER = rs.iosakademija.Hildago;
				PRODUCT_NAME = "$(TARGET_NAME)";
				SWIFT_VERSION = 3.0;
			};
			name = Release;
		};
/* End XCBuildConfiguration section */

/* Begin XCConfigurationList section */
		E8DF422A1DF42E6C00CE7C38 /* Build configuration list for PBXProject "Hildago" */ = {
			isa = XCConfigurationList;
			buildConfigurations = (
				E8DF423F1DF42E6C00CE7C38 /* Debug */,
				E8DF42401DF42E6C00CE7C38 /* Release */,
			);
			defaultConfigurationIsVisible = 0;
			defaultConfigurationName = Release;
		};
		E8DF42411DF42E6C00CE7C38 /* Build configuration list for PBXNativeTarget "Hildago" */ = {
			isa = XCConfigurationList;
			buildConfigurations = (
				E8DF42421DF42E6C00CE7C38 /* Debug */,
				E8DF42431DF42E6C00CE7C38 /* Release */,
			);
			defaultConfigurationIsVisible = 0;
		};
/* End XCConfigurationList section */
	};
	rootObject = E8DF42271DF42E6C00CE7C38 /* Project object */;
}
